
Microsoft Visual Studio Solution File, Format Version 12.00
# Visual Studio 2017
Project("{FAE04EC0-301F-11D3-BF4B-00C04F79EFBC}") = "Bird Hero", "Bird Hero.csproj", "{353B5FAB-9232-C3D2-926A-07F0481D936E}"
EndProject
Global
	GlobalSection(SolutionConfigurationPlatforms) = preSolution
		Debug|Any CPU = Debug|Any CPU
		Release|Any CPU = Release|Any CPU
	EndGlobalSection
	GlobalSection(ProjectConfigurationPlatforms) = postSolution
		{353B5FAB-9232-C3D2-926A-07F0481D936E}.Debug|Any CPU.ActiveCfg = Debug|Any CPU
		{353B5FAB-9232-C3D2-926A-07F0481D936E}.Debug|Any CPU.Build.0 = Debug|Any CPU
		{353B5FAB-9232-C3D2-926A-07F0481D936E}.Release|Any CPU.ActiveCfg = Release|Any CPU
		{353B5FAB-9232-C3D2-926A-07F0481D936E}.Release|Any CPU.Build.0 = Release|Any CPU
	EndGlobalSection
	GlobalSection(SolutionProperties) = preSolution
		HideSolutionNode = FALSE
	EndGlobalSection
EndGlobal
